{
  "version": 4,
  "terraform_version": "1.14.7",
  "serial": 23,
  "lineage": "fc553a91-a575-7b53-81ee-82f37f687b7b",
  "outputs": {},
  "resources": [
    {
      "module": "module.role_dev",
      "mode": "managed",
      "type": "snowflake_account_role",
      "name": "role",
      "provider": "provider[\"registry.terraform.io/snowflakedb/snowflake\"]",
      "instances": [
        {
          "index_key": "DATA_ANALYST_PROD",
          "schema_version": 0,
          "attributes": {
            "comment": "Role created using Terraform",
            "fully_qualified_name": "\"DATA_ANALYST_PROD\"",
            "id": "DATA_ANALYST_PROD",
            "name": "DATA_ANALYST_PROD",
            "show_output": [
              {
                "assigned_to_users": 0,
                "comment": "Role created using Terraform",
                "created_on": "2026-03-30 10:39:40.244 +0530 IST",
                "granted_roles": 0,
                "granted_to_roles": 0,
                "is_current": false,
                "is_default": false,
                "is_inherited": false,
                "name": "DATA_ANALYST_PROD",
                "owner": "SECURITYADMIN"
              }
            ]
          },
          "sensitive_attributes": [],
          "identity_schema_version": 0,
          "private": "bnVsbA=="
        },
        {
          "index_key": "DATA_ENGINEER_PROD",
          "schema_version": 0,
          "attributes": {
            "comment": "Role created using Terraform",
            "fully_qualified_name": "\"DATA_ENGINEER_PROD\"",
            "id": "DATA_ENGINEER_PROD",
            "name": "DATA_ENGINEER_PROD",
            "show_output": [
              {
                "assigned_to_users": 0,
                "comment": "Role created using Terraform",
                "created_on": "2026-03-30 10:39:41.916 +0530 IST",
                "granted_roles": 0,
                "granted_to_roles": 0,
                "is_current": false,
                "is_default": false,
                "is_inherited": false,
                "name": "DATA_ENGINEER_PROD",
                "owner": "SECURITYADMIN"
              }
            ]
          },
          "sensitive_attributes": [],
          "identity_schema_version": 0,
          "private": "bnVsbA=="
        },
        {
          "index_key": "SYSADMIN_CUSTOM_PROD",
          "schema_version": 0,
          "attributes": {
            "comment": "Role created using Terraform",
            "fully_qualified_name": "\"SYSADMIN_CUSTOM_PROD\"",
            "id": "SYSADMIN_CUSTOM_PROD",
            "name": "SYSADMIN_CUSTOM_PROD",
            "show_output": [
              {
                "assigned_to_users": 0,
                "comment": "Role created using Terraform",
                "created_on": "2026-03-30 10:39:41.849 +0530 IST",
                "granted_roles": 0,
                "granted_to_roles": 0,
                "is_current": false,
                "is_default": false,
                "is_inherited": false,
                "name": "SYSADMIN_CUSTOM_PROD",
                "owner": "SECURITYADMIN"
              }
            ]
          },
          "sensitive_attributes": [],
          "identity_schema_version": 0,
          "private": "bnVsbA=="
        }
      ]
    }
  ],
  "check_results": null
}
